# THIS IS AN AUTOGENERATED FILE. DO NOT EDIT THIS FILE DIRECTLY.
# yarn lockfile v1


"@vant/weapp@^1.11.2":
  version "1.11.2"
  resolved "http://nexus.htht.com/repository/npm-public/@vant/weapp/-/weapp-1.11.2.tgz#49f0020012cc712afbcaaaadbbed8afce9be7f6f"
  integrity sha512-NlZQEW4ijxD1GAmTY0dz2mEw0KWff9DSi5k5WGl1YS19qGp1l3BssID/uBnzrC82HjWH/Sb5V9+r7/YEcfnBPQ==
